
Microsoft Visual Studio Solution File, Format Version 12.00
# Visual Studio 15
VisualStudioVersion = 15.0.28010.2050
MinimumVisualStudioVersion = 10.0.40219.1
Project("{FAE04EC0-301F-11D3-BF4B-00C04F79EFBC}") = "WebApplication19", "WebApplication19\WebApplication19.csproj", "{65B8F48D-C216-458E-9FC7-0BA4462C5D60}"
EndProject
Global
	GlobalSection(SolutionConfigurationPlatforms) = preSolution
		Debug|Any CPU = Debug|Any CPU
		Release|Any CPU = Release|Any CPU
	EndGlobalSection
	GlobalSection(ProjectConfigurationPlatforms) = postSolution
		{65B8F48D-C216-458E-9FC7-0BA4462C5D60}.Debug|Any CPU.ActiveCfg = Debug|Any CPU
		{65B8F48D-C216-458E-9FC7-0BA4462C5D60}.Debug|Any CPU.Build.0 = Debug|Any CPU
		{65B8F48D-C216-458E-9FC7-0BA4462C5D60}.Release|Any CPU.ActiveCfg = Release|Any CPU
		{65B8F48D-C216-458E-9FC7-0BA4462C5D60}.Release|Any CPU.Build.0 = Release|Any CPU
	EndGlobalSection
	GlobalSection(SolutionProperties) = preSolution
		HideSolutionNode = FALSE
	EndGlobalSection
	GlobalSection(ExtensibilityGlobals) = postSolution
		SolutionGuid = {91DA9ECF-705A-4949-AC84-B4439C7D114F}
	EndGlobalSection
EndGlobal
